
Microsoft Visual Studio Solution File, Format Version 12.00
# Visual Studio 14
VisualStudioVersion = 14.0.23107.0
MinimumVisualStudioVersion = 10.0.40219.1
Project("{FAE04EC0-301F-11D3-BF4B-00C04F79EFBC}") = "ContentModeratorSDK", "ContentModeratorSDK\ContentModeratorSDK.csproj", "{1DBC210D-1347-444A-A2C2-BAB0919F456D}"
EndProject
Project("{FAE04EC0-301F-11D3-BF4B-00C04F79EFBC}") = "ContentModeratorSDK.Tests", "ContentModeratorSDK.Tests\ContentModeratorSDK.Tests.csproj", "{3E271284-78B4-47C7-8A77-0DE3EDC2120D}"
EndProject
Global
	GlobalSection(SolutionConfigurationPlatforms) = preSolution
		Debug|Any CPU = Debug|Any CPU
		Dev|Any CPU = Dev|Any CPU
		INT|Any CPU = INT|Any CPU
		PROD|Any CPU = PROD|Any CPU
		Release|Any CPU = Release|Any CPU
	EndGlobalSection
	GlobalSection(ProjectConfigurationPlatforms) = postSolution
		{1DBC210D-1347-444A-A2C2-BAB0919F456D}.Debug|Any CPU.ActiveCfg = Debug|Any CPU
		{1DBC210D-1347-444A-A2C2-BAB0919F456D}.Debug|Any CPU.Build.0 = Debug|Any CPU
		{1DBC210D-1347-444A-A2C2-BAB0919F456D}.Dev|Any CPU.ActiveCfg = Dev|Any CPU
		{1DBC210D-1347-444A-A2C2-BAB0919F456D}.Dev|Any CPU.Build.0 = Dev|Any CPU
		{1DBC210D-1347-444A-A2C2-BAB0919F456D}.INT|Any CPU.ActiveCfg = INT|Any CPU
		{1DBC210D-1347-444A-A2C2-BAB0919F456D}.INT|Any CPU.Build.0 = INT|Any CPU
		{1DBC210D-1347-444A-A2C2-BAB0919F456D}.PROD|Any CPU.ActiveCfg = PROD|Any CPU
		{1DBC210D-1347-444A-A2C2-BAB0919F456D}.PROD|Any CPU.Build.0 = PROD|Any CPU
		{1DBC210D-1347-444A-A2C2-BAB0919F456D}.Release|Any CPU.ActiveCfg = Release|Any CPU
		{1DBC210D-1347-444A-A2C2-BAB0919F456D}.Release|Any CPU.Build.0 = Release|Any CPU
		{3E271284-78B4-47C7-8A77-0DE3EDC2120D}.Debug|Any CPU.ActiveCfg = Debug|Any CPU
		{3E271284-78B4-47C7-8A77-0DE3EDC2120D}.Debug|Any CPU.Build.0 = Debug|Any CPU
		{3E271284-78B4-47C7-8A77-0DE3EDC2120D}.Dev|Any CPU.ActiveCfg = Dev|Any CPU
		{3E271284-78B4-47C7-8A77-0DE3EDC2120D}.Dev|Any CPU.Build.0 = Dev|Any CPU
		{3E271284-78B4-47C7-8A77-0DE3EDC2120D}.INT|Any CPU.ActiveCfg = INT|Any CPU
		{3E271284-78B4-47C7-8A77-0DE3EDC2120D}.INT|Any CPU.Build.0 = INT|Any CPU
		{3E271284-78B4-47C7-8A77-0DE3EDC2120D}.PROD|Any CPU.ActiveCfg = PROD|Any CPU
		{3E271284-78B4-47C7-8A77-0DE3EDC2120D}.PROD|Any CPU.Build.0 = PROD|Any CPU
		{3E271284-78B4-47C7-8A77-0DE3EDC2120D}.Release|Any CPU.ActiveCfg = Release|Any CPU
		{3E271284-78B4-47C7-8A77-0DE3EDC2120D}.Release|Any CPU.Build.0 = Release|Any CPU
	EndGlobalSection
	GlobalSection(SolutionProperties) = preSolution
		HideSolutionNode = FALSE
	EndGlobalSection
EndGlobal
